PODS:
  - ReactiveCocoa (2.5):
    - ReactiveCocoa/UI (= 2.5)
  - ReactiveCocoa/Core (2.5):
    - ReactiveCocoa/no-arc
  - ReactiveCocoa/no-arc (2.5)
  - ReactiveCocoa/UI (2.5):
    - ReactiveCocoa/Core
  - TCCocoaExpand (0.0.1)

DEPENDENCIES:
  - ReactiveCocoa
  - TCCocoaExpand

SPEC CHECKSUMS:
  ReactiveCocoa: e2db045570aa97c695e7aa97c2bcab222ae51f4a
  TCCocoaExpand: c7de439116272e84cd328344f6da83a9046eb66d

COCOAPODS: 0.39.0
