PODS:
  - ReactiveCocoa (2.5):
    - ReactiveCocoa/UI (= 2.5)
  - ReactiveCocoa/Core (2.5):
    - ReactiveCocoa/no-arc
  - ReactiveCocoa/no-arc (2.5)
  - ReactiveCocoa/UI (2.5):
    - ReactiveCocoa/Core
  - TCCocoaExpand (0.0.4)

DEPENDENCIES:
  - ReactiveCocoa
  - TCCocoaExpand

SPEC CHECKSUMS:
  ReactiveCocoa: e2db045570aa97c695e7aa97c2bcab222ae51f4a
  TCCocoaExpand: 0236824e0bd6f606dd9fc06018d2424f6444dd3a

PODFILE CHECKSUM: f73420ef9491a4cbf03f5280712aa7ec13c54125

COCOAPODS: 1.2.1
