PODS:
  - ReactiveObjC (3.1.1)
  - TCCocoaExpand (0.0.12)

DEPENDENCIES:
  - ReactiveObjC
  - TCCocoaExpand

SPEC REPOS:
  https://github.com/CocoaPods/Specs.git:
    - ReactiveObjC
    - TCCocoaExpand

SPEC CHECKSUMS:
  ReactiveObjC: 011caa393aa0383245f2dcf9bf02e86b80b36040
  TCCocoaExpand: 4b298a48f24808658b327ee49771c47902ed966d

PODFILE CHECKSUM: ebc1ea240dde252a7c564efc007e53c94ad3f20a

COCOAPODS: 1.15.2
