// !$*UTF8*$!
{
	archiveVersion = 1;
	classes = {
	};
	objectVersion = 46;
	objects = {

/* Begin PBXBuildFile section */
		5B79A10D1CC4D2CD00325F0A /* main.m in Sources */ = {isa = PBXBuildFile; fileRef = 5B79A10C1CC4D2CD00325F0A /* main.m */; };
		5B79A1101CC4D2CD00325F0A /* AppDelegate.m in Sources */ = {isa = PBXBuildFile; fileRef = 5B79A10F1CC4D2CD00325F0A /* AppDelegate.m */; };
		5B79A1131CC4D2CD00325F0A /* ViewController.m in Sources */ = {isa = PBXBuildFile; fileRef = 5B79A1121CC4D2CD00325F0A /* ViewController.m */; };
		5B79A1161CC4D2CD00325F0A /* Main.storyboard in Resources */ = {isa = PBXBuildFile; fileRef = 5B79A1141CC4D2CD00325F0A /* Main.storyboard */; };
		5B79A1181CC4D2CE00325F0A /* Assets.xcassets in Resources */ = {isa = PBXBuildFile; fileRef = 5B79A1171CC4D2CE00325F0A /* Assets.xcassets */; };
		5B79A11B1CC4D2CE00325F0A /* LaunchScreen.storyboard in Resources */ = {isa = PBXBuildFile; fileRef = 5B79A1191CC4D2CE00325F0A /* LaunchScreen.storyboard */; };
		5B79A1251CC4D56F00325F0A /* UIScrollView+TCRefresh.m in Sources */ = {isa = PBXBuildFile; fileRef = 5B79A1241CC4D56F00325F0A /* UIScrollView+TCRefresh.m */; };
		7EE8AA3DA63F6C127134ABD3 /* libPods-the_tcrefresh-TCRefresh.a in Frameworks */ = {isa = PBXBuildFile; fileRef = 1A10B27186EA3A16FE405A36 /* libPods-the_tcrefresh-TCRefresh.a */; };
/* End PBXBuildFile section */

/* Begin PBXFileReference section */
		1A10B27186EA3A16FE405A36 /* libPods-the_tcrefresh-TCRefresh.a */ = {isa = PBXFileReference; explicitFileType = archive.ar; includeInIndex = 0; path = "libPods-the_tcrefresh-TCRefresh.a"; sourceTree = BUILT_PRODUCTS_DIR; };
		5B79A1081CC4D2CD00325F0A /* TCRefresh.app */ = {isa = PBXFileReference; explicitFileType = wrapper.application; includeInIndex = 0; path = TCRefresh.app; sourceTree = BUILT_PRODUCTS_DIR; };
		5B79A10C1CC4D2CD00325F0A /* main.m */ = {isa = PBXFileReference; lastKnownFileType = sourcecode.c.objc; path = main.m; sourceTree = "<group>"; };
		5B79A10E1CC4D2CD00325F0A /* AppDelegate.h */ = {isa = PBXFileReference; lastKnownFileType = sourcecode.c.h; path = AppDelegate.h; sourceTree = "<group>"; };
		5B79A10F1CC4D2CD00325F0A /* AppDelegate.m */ = {isa = PBXFileReference; lastKnownFileType = sourcecode.c.objc; path = AppDelegate.m; sourceTree = "<group>"; };
		5B79A1111CC4D2CD00325F0A /* ViewController.h */ = {isa = PBXFileReference; lastKnownFileType = sourcecode.c.h; path = ViewController.h; sourceTree = "<group>"; };
		5B79A1121CC4D2CD00325F0A /* ViewController.m */ = {isa = PBXFileReference; lastKnownFileType = sourcecode.c.objc; path = ViewController.m; sourceTree = "<group>"; };
		5B79A1151CC4D2CD00325F0A /* Base */ = {isa = PBXFileReference; lastKnownFileType = file.storyboard; name = Base; path = Base.lproj/Main.storyboard; sourceTree = "<group>"; };
		5B79A1171CC4D2CE00325F0A /* Assets.xcassets */ = {isa = PBXFileReference; lastKnownFileType = folder.assetcatalog; path = Assets.xcassets; sourceTree = "<group>"; };
		5B79A11A1CC4D2CE00325F0A /* Base */ = {isa = PBXFileReference; lastKnownFileType = file.storyboard; name = Base; path = Base.lproj/LaunchScreen.storyboard; sourceTree = "<group>"; };
		5B79A11C1CC4D2CE00325F0A /* Info.plist */ = {isa = PBXFileReference; lastKnownFileType = text.plist.xml; path = Info.plist; sourceTree = "<group>"; };
		5B79A1231CC4D56F00325F0A /* UIScrollView+TCRefresh.h */ = {isa = PBXFileReference; fileEncoding = 4; lastKnownFileType = sourcecode.c.h; path = "UIScrollView+TCRefresh.h"; sourceTree = "<group>"; };
		5B79A1241CC4D56F00325F0A /* UIScrollView+TCRefresh.m */ = {isa = PBXFileReference; fileEncoding = 4; lastKnownFileType = sourcecode.c.objc; path = "UIScrollView+TCRefresh.m"; sourceTree = "<group>"; };
		6C040547A791D5537DDCE6B8 /* Pods-the_tcrefresh-TCRefresh.release.xcconfig */ = {isa = PBXFileReference; includeInIndex = 1; lastKnownFileType = text.xcconfig; name = "Pods-the_tcrefresh-TCRefresh.release.xcconfig"; path = "Pods/Target Support Files/Pods-the_tcrefresh-TCRefresh/Pods-the_tcrefresh-TCRefresh.release.xcconfig"; sourceTree = "<group>"; };
		BA8F5F421CC230E41C05F697 /* Pods-the_tcrefresh-TCRefresh.debug.xcconfig */ = {isa = PBXFileReference; includeInIndex = 1; lastKnownFileType = text.xcconfig; name = "Pods-the_tcrefresh-TCRefresh.debug.xcconfig"; path = "Pods/Target Support Files/Pods-the_tcrefresh-TCRefresh/Pods-the_tcrefresh-TCRefresh.debug.xcconfig"; sourceTree = "<group>"; };
/* End PBXFileReference section */

/* Begin PBXFrameworksBuildPhase section */
		5B79A1051CC4D2CD00325F0A /* Frameworks */ = {
			isa = PBXFrameworksBuildPhase;
			buildActionMask = 2147483647;
			files = (
				7EE8AA3DA63F6C127134ABD3 /* libPods-the_tcrefresh-TCRefresh.a in Frameworks */,
			);
			runOnlyForDeploymentPostprocessing = 0;
		};
/* End PBXFrameworksBuildPhase section */

/* Begin PBXGroup section */
		5B79A0FF1CC4D2CD00325F0A = {
			isa = PBXGroup;
			children = (
				5B79A10A1CC4D2CD00325F0A /* TCRefresh */,
				5B79A1091CC4D2CD00325F0A /* Products */,
				9029F4F7625A897FA66925C7 /* Pods */,
				BB27C1C2EDE6D7BCCB4DE293 /* Frameworks */,
			);
			sourceTree = "<group>";
		};
		5B79A1091CC4D2CD00325F0A /* Products */ = {
			isa = PBXGroup;
			children = (
				5B79A1081CC4D2CD00325F0A /* TCRefresh.app */,
			);
			name = Products;
			sourceTree = "<group>";
		};
		5B79A10A1CC4D2CD00325F0A /* TCRefresh */ = {
			isa = PBXGroup;
			children = (
				5B79A1221CC4D2EB00325F0A /* TCRefresh */,
				5B79A10E1CC4D2CD00325F0A /* AppDelegate.h */,
				5B79A10F1CC4D2CD00325F0A /* AppDelegate.m */,
				5B79A1111CC4D2CD00325F0A /* ViewController.h */,
				5B79A1121CC4D2CD00325F0A /* ViewController.m */,
				5B79A1141CC4D2CD00325F0A /* Main.storyboard */,
				5B79A1171CC4D2CE00325F0A /* Assets.xcassets */,
				5B79A1191CC4D2CE00325F0A /* LaunchScreen.storyboard */,
				5B79A11C1CC4D2CE00325F0A /* Info.plist */,
				5B79A10B1CC4D2CD00325F0A /* Supporting Files */,
			);
			path = TCRefresh;
			sourceTree = "<group>";
		};
		5B79A10B1CC4D2CD00325F0A /* Supporting Files */ = {
			isa = PBXGroup;
			children = (
				5B79A10C1CC4D2CD00325F0A /* main.m */,
			);
			name = "Supporting Files";
			sourceTree = "<group>";
		};
		5B79A1221CC4D2EB00325F0A /* TCRefresh */ = {
			isa = PBXGroup;
			children = (
				5B79A1231CC4D56F00325F0A /* UIScrollView+TCRefresh.h */,
				5B79A1241CC4D56F00325F0A /* UIScrollView+TCRefresh.m */,
			);
			path = TCRefresh;
			sourceTree = "<group>";
		};
		9029F4F7625A897FA66925C7 /* Pods */ = {
			isa = PBXGroup;
			children = (
				BA8F5F421CC230E41C05F697 /* Pods-the_tcrefresh-TCRefresh.debug.xcconfig */,
				6C040547A791D5537DDCE6B8 /* Pods-the_tcrefresh-TCRefresh.release.xcconfig */,
			);
			name = Pods;
			sourceTree = "<group>";
		};
		BB27C1C2EDE6D7BCCB4DE293 /* Frameworks */ = {
			isa = PBXGroup;
			children = (
				1A10B27186EA3A16FE405A36 /* libPods-the_tcrefresh-TCRefresh.a */,
			);
			name = Frameworks;
			sourceTree = "<group>";
		};
/* End PBXGroup section */

/* Begin PBXNativeTarget section */
		5B79A1071CC4D2CD00325F0A /* TCRefresh */ = {
			isa = PBXNativeTarget;
			buildConfigurationList = 5B79A11F1CC4D2CE00325F0A /* Build configuration list for PBXNativeTarget "TCRefresh" */;
			buildPhases = (
				E2B77112E4F29E92ECD1E41F /* [CP] Check Pods Manifest.lock */,
				5B79A1041CC4D2CD00325F0A /* Sources */,
				5B79A1051CC4D2CD00325F0A /* Frameworks */,
				5B79A1061CC4D2CD00325F0A /* Resources */,
				D7C100B046E805CD13B9899D /* [CP] Embed Pods Frameworks */,
				654295339321C7378E55C80D /* [CP] Copy Pods Resources */,
			);
			buildRules = (
			);
			dependencies = (
			);
			name = TCRefresh;
			productName = TCRefresh;
			productReference = 5B79A1081CC4D2CD00325F0A /* TCRefresh.app */;
			productType = "com.apple.product-type.application";
		};
/* End PBXNativeTarget section */

/* Begin PBXProject section */
		5B79A1001CC4D2CD00325F0A /* Project object */ = {
			isa = PBXProject;
			attributes = {
				LastUpgradeCheck = 0730;
				ORGANIZATIONNAME = tauCross;
				TargetAttributes = {
					5B79A1071CC4D2CD00325F0A = {
						CreatedOnToolsVersion = 7.3;
					};
				};
			};
			buildConfigurationList = 5B79A1031CC4D2CD00325F0A /* Build configuration list for PBXProject "TCRefresh" */;
			compatibilityVersion = "Xcode 3.2";
			developmentRegion = English;
			hasScannedForEncodings = 0;
			knownRegions = (
				en,
				Base,
			);
			mainGroup = 5B79A0FF1CC4D2CD00325F0A;
			productRefGroup = 5B79A1091CC4D2CD00325F0A /* Products */;
			projectDirPath = "";
			projectRoot = "";
			targets = (
				5B79A1071CC4D2CD00325F0A /* TCRefresh */,
			);
		};
/* End PBXProject section */

/* Begin PBXResourcesBuildPhase section */
		5B79A1061CC4D2CD00325F0A /* Resources */ = {
			isa = PBXResourcesBuildPhase;
			buildActionMask = 2147483647;
			files = (
				5B79A11B1CC4D2CE00325F0A /* LaunchScreen.storyboard in Resources */,
				5B79A1181CC4D2CE00325F0A /* Assets.xcassets in Resources */,
				5B79A1161CC4D2CD00325F0A /* Main.storyboard in Resources */,
			);
			runOnlyForDeploymentPostprocessing = 0;
		};
/* End PBXResourcesBuildPhase section */

/* Begin PBXShellScriptBuildPhase section */
		654295339321C7378E55C80D /* [CP] Copy Pods Resources */ = {
			isa = PBXShellScriptBuildPhase;
			buildActionMask = 2147483647;
			files = (
			);
			inputPaths = (
			);
			name = "[CP] Copy Pods Resources";
			outputPaths = (
			);
			runOnlyForDeploymentPostprocessing = 0;
			shellPath = /bin/sh;
			shellScript = "\"${SRCROOT}/Pods/Target Support Files/Pods-the_tcrefresh-TCRefresh/Pods-the_tcrefresh-TCRefresh-resources.sh\"\n";
			showEnvVarsInLog = 0;
		};
		D7C100B046E805CD13B9899D /* [CP] Embed Pods Frameworks */ = {
			isa = PBXShellScriptBuildPhase;
			buildActionMask = 2147483647;
			files = (
			);
			inputPaths = (
			);
			name = "[CP] Embed Pods Frameworks";
			outputPaths = (
			);
			runOnlyForDeploymentPostprocessing = 0;
			shellPath = /bin/sh;
			shellScript = "\"${SRCROOT}/Pods/Target Support Files/Pods-the_tcrefresh-TCRefresh/Pods-the_tcrefresh-TCRefresh-frameworks.sh\"\n";
			showEnvVarsInLog = 0;
		};
		E2B77112E4F29E92ECD1E41F /* [CP] Check Pods Manifest.lock */ = {
			isa = PBXShellScriptBuildPhase;
			buildActionMask = 2147483647;
			files = (
			);
			inputPaths = (
			);
			name = "[CP] Check Pods Manifest.lock";
			outputPaths = (
			);
			runOnlyForDeploymentPostprocessing = 0;
			shellPath = /bin/sh;
			shellScript = "diff \"${PODS_PODFILE_DIR_PATH}/Podfile.lock\" \"${PODS_ROOT}/Manifest.lock\" > /dev/null\nif [ $? != 0 ] ; then\n    # print error to STDERR\n    echo \"error: The sandbox is not in sync with the Podfile.lock. Run 'pod install' or update your CocoaPods installation.\" >&2\n    exit 1\nfi\n";
			showEnvVarsInLog = 0;
		};
/* End PBXShellScriptBuildPhase section */

/* Begin PBXSourcesBuildPhase section */
		5B79A1041CC4D2CD00325F0A /* Sources */ = {
			isa = PBXSourcesBuildPhase;
			buildActionMask = 2147483647;
			files = (
				5B79A1251CC4D56F00325F0A /* UIScrollView+TCRefresh.m in Sources */,
				5B79A1131CC4D2CD00325F0A /* ViewController.m in Sources */,
				5B79A1101CC4D2CD00325F0A /* AppDelegate.m in Sources */,
				5B79A10D1CC4D2CD00325F0A /* main.m in Sources */,
			);
			runOnlyForDeploymentPostprocessing = 0;
		};
/* End PBXSourcesBuildPhase section */

/* Begin PBXVariantGroup section */
		5B79A1141CC4D2CD00325F0A /* Main.storyboard */ = {
			isa = PBXVariantGroup;
			children = (
				5B79A1151CC4D2CD00325F0A /* Base */,
			);
			name = Main.storyboard;
			sourceTree = "<group>";
		};
		5B79A1191CC4D2CE00325F0A /* LaunchScreen.storyboard */ = {
			isa = PBXVariantGroup;
			children = (
				5B79A11A1CC4D2CE00325F0A /* Base */,
			);
			name = LaunchScreen.storyboard;
			sourceTree = "<group>";
		};
/* End PBXVariantGroup section */

/* Begin XCBuildConfiguration section */
		5B79A11D1CC4D2CE00325F0A /* Debug */ = {
			isa = XCBuildConfiguration;
			buildSettings = {
				ALWAYS_SEARCH_USER_PATHS = NO;
				CLANG_ANALYZER_NONNULL = YES;
				CLANG_CXX_LANGUAGE_STANDARD = "gnu++0x";
				CLANG_CXX_LIBRARY = "libc++";
				CLANG_ENABLE_MODULES = YES;
				CLANG_ENABLE_OBJC_ARC = YES;
				CLANG_WARN_BOOL_CONVERSION = YES;
				CLANG_WARN_CONSTANT_CONVERSION = YES;
				CLANG_WARN_DIRECT_OBJC_ISA_USAGE = YES_ERROR;
				CLANG_WARN_EMPTY_BODY = YES;
				CLANG_WARN_ENUM_CONVERSION = YES;
				CLANG_WARN_INT_CONVERSION = YES;
				CLANG_WARN_OBJC_ROOT_CLASS = YES_ERROR;
				CLANG_WARN_UNREACHABLE_CODE = YES;
				CLANG_WARN__DUPLICATE_METHOD_MATCH = YES;
				"CODE_SIGN_IDENTITY[sdk=iphoneos*]" = "iPhone Developer";
				COPY_PHASE_STRIP = NO;
				DEBUG_INFORMATION_FORMAT = dwarf;
				ENABLE_STRICT_OBJC_MSGSEND = YES;
				ENABLE_TESTABILITY = YES;
				GCC_C_LANGUAGE_STANDARD = gnu99;
				GCC_DYNAMIC_NO_PIC = NO;
				GCC_NO_COMMON_BLOCKS = YES;
				GCC_OPTIMIZATION_LEVEL = 0;
				GCC_PREPROCESSOR_DEFINITIONS = (
					"DEBUG=1",
					"$(inherited)",
				);
				GCC_WARN_64_TO_32_BIT_CONVERSION = YES;
				GCC_WARN_ABOUT_RETURN_TYPE = YES_ERROR;
				GCC_WARN_UNDECLARED_SELECTOR = YES;
				GCC_WARN_UNINITIALIZED_AUTOS = YES_AGGRESSIVE;
				GCC_WARN_UNUSED_FUNCTION = YES;
				GCC_WARN_UNUSED_VARIABLE = YES;
				IPHONEOS_DEPLOYMENT_TARGET = 9.3;
				MTL_ENABLE_DEBUG_INFO = YES;
				ONLY_ACTIVE_ARCH = YES;
				SDKROOT = iphoneos;
			};
			name = Debug;
		};
		5B79A11E1CC4D2CE00325F0A /* Release */ = {
			isa = XCBuildConfiguration;
			buildSettings = {
				ALWAYS_SEARCH_USER_PATHS = NO;
				CLANG_ANALYZER_NONNULL = YES;
				CLANG_CXX_LANGUAGE_STANDARD = "gnu++0x";
				CLANG_CXX_LIBRARY = "libc++";
				CLANG_ENABLE_MODULES = YES;
				CLANG_ENABLE_OBJC_ARC = YES;
				CLANG_WARN_BOOL_CONVERSION = YES;
				CLANG_WARN_CONSTANT_CONVERSION = YES;
				CLANG_WARN_DIRECT_OBJC_ISA_USAGE = YES_ERROR;
				CLANG_WARN_EMPTY_BODY = YES;
				CLANG_WARN_ENUM_CONVERSION = YES;
				CLANG_WARN_INT_CONVERSION = YES;
				CLANG_WARN_OBJC_ROOT_CLASS = YES_ERROR;
				CLANG_WARN_UNREACHABLE_CODE = YES;
				CLANG_WARN__DUPLICATE_METHOD_MATCH = YES;
				"CODE_SIGN_IDENTITY[sdk=iphoneos*]" = "iPhone Developer";
				COPY_PHASE_STRIP = NO;
				DEBUG_INFORMATION_FORMAT = "dwarf-with-dsym";
				ENABLE_NS_ASSERTIONS = NO;
				ENABLE_STRICT_OBJC_MSGSEND = YES;
				GCC_C_LANGUAGE_STANDARD = gnu99;
				GCC_NO_COMMON_BLOCKS = YES;
				GCC_WARN_64_TO_32_BIT_CONVERSION = YES;
				GCC_WARN_ABOUT_RETURN_TYPE = YES_ERROR;
				GCC_WARN_UNDECLARED_SELECTOR = YES;
				GCC_WARN_UNINITIALIZED_AUTOS = YES_AGGRESSIVE;
				GCC_WARN_UNUSED_FUNCTION = YES;
				GCC_WARN_UNUSED_VARIABLE = YES;
				IPHONEOS_DEPLOYMENT_TARGET = 9.3;
				MTL_ENABLE_DEBUG_INFO = NO;
				SDKROOT = iphoneos;
				VALIDATE_PRODUCT = YES;
			};
			name = Release;
		};
		5B79A1201CC4D2CE00325F0A /* Debug */ = {
			isa = XCBuildConfiguration;
			baseConfigurationReference = BA8F5F421CC230E41C05F697 /* Pods-the_tcrefresh-TCRefresh.debug.xcconfig */;
			buildSettings = {
				ASSETCATALOG_COMPILER_APPICON_NAME = AppIcon;
				INFOPLIST_FILE = TCRefresh/Info.plist;
				IPHONEOS_DEPLOYMENT_TARGET = 7.0;
				LD_RUNPATH_SEARCH_PATHS = "$(inherited) @executable_path/Frameworks";
				PRODUCT_BUNDLE_IDENTIFIER = p.tc.TCRefresh;
				PRODUCT_NAME = "$(TARGET_NAME)";
			};
			name = Debug;
		};
		5B79A1211CC4D2CE00325F0A /* Release */ = {
			isa = XCBuildConfiguration;
			baseConfigurationReference = 6C040547A791D5537DDCE6B8 /* Pods-the_tcrefresh-TCRefresh.release.xcconfig */;
			buildSettings = {
				ASSETCATALOG_COMPILER_APPICON_NAME = AppIcon;
				INFOPLIST_FILE = TCRefresh/Info.plist;
				IPHONEOS_DEPLOYMENT_TARGET = 7.0;
				LD_RUNPATH_SEARCH_PATHS = "$(inherited) @executable_path/Frameworks";
				PRODUCT_BUNDLE_IDENTIFIER = p.tc.TCRefresh;
				PRODUCT_NAME = "$(TARGET_NAME)";
			};
			name = Release;
		};
/* End XCBuildConfiguration section */

/* Begin XCConfigurationList section */
		5B79A1031CC4D2CD00325F0A /* Build configuration list for PBXProject "TCRefresh" */ = {
			isa = XCConfigurationList;
			buildConfigurations = (
				5B79A11D1CC4D2CE00325F0A /* Debug */,
				5B79A11E1CC4D2CE00325F0A /* Release */,
			);
			defaultConfigurationIsVisible = 0;
			defaultConfigurationName = Release;
		};
		5B79A11F1CC4D2CE00325F0A /* Build configuration list for PBXNativeTarget "TCRefresh" */ = {
			isa = XCConfigurationList;
			buildConfigurations = (
				5B79A1201CC4D2CE00325F0A /* Debug */,
				5B79A1211CC4D2CE00325F0A /* Release */,
			);
			defaultConfigurationIsVisible = 0;
			defaultConfigurationName = Release;
		};
/* End XCConfigurationList section */
	};
	rootObject = 5B79A1001CC4D2CD00325F0A /* Project object */;
}
